
Microsoft Visual Studio Solution File, Format Version 12.00
# Visual Studio Version 17
VisualStudioVersion = 17.5.33502.453
MinimumVisualStudioVersion = 10.0.40219.1
Project("{8BC9CEB8-8B4A-11D0-8D11-00A0C91BC942}") = "8.09.2023", "8.09.2023\8.09.2023.vcxproj", "{08D08FBD-1C3A-4E5F-A6E8-9033C355E977}"
EndProject
Global
	GlobalSection(SolutionConfigurationPlatforms) = preSolution
		Debug|x64 = Debug|x64
		Debug|x86 = Debug|x86
		Release|x64 = Release|x64
		Release|x86 = Release|x86
	EndGlobalSection
	GlobalSection(ProjectConfigurationPlatforms) = postSolution
		{08D08FBD-1C3A-4E5F-A6E8-9033C355E977}.Debug|x64.ActiveCfg = Debug|x64
		{08D08FBD-1C3A-4E5F-A6E8-9033C355E977}.Debug|x64.Build.0 = Debug|x64
		{08D08FBD-1C3A-4E5F-A6E8-9033C355E977}.Debug|x86.ActiveCfg = Debug|Win32
		{08D08FBD-1C3A-4E5F-A6E8-9033C355E977}.Debug|x86.Build.0 = Debug|Win32
		{08D08FBD-1C3A-4E5F-A6E8-9033C355E977}.Release|x64.ActiveCfg = Release|x64
		{08D08FBD-1C3A-4E5F-A6E8-9033C355E977}.Release|x64.Build.0 = Release|x64
		{08D08FBD-1C3A-4E5F-A6E8-9033C355E977}.Release|x86.ActiveCfg = Release|Win32
		{08D08FBD-1C3A-4E5F-A6E8-9033C355E977}.Release|x86.Build.0 = Release|Win32
	EndGlobalSection
	GlobalSection(SolutionProperties) = preSolution
		HideSolutionNode = FALSE
	EndGlobalSection
	GlobalSection(ExtensibilityGlobals) = postSolution
		SolutionGuid = {FC43E133-7DFB-42D6-A661-64BA523B997E}
	EndGlobalSection
EndGlobal
